Microsoft Visual Studio Solution File, Format Version 8.00
Project("{8BC9CEB8-8B4A-11D0-8D11-00A0C91BC942}") = "PiavcaAPI", "src\PiavcaAPI\PiavcaAPI_2003.vcproj", "{7E061BC4-F08C-40F0-8A91-8CAFD582054D}"
	ProjectSection(ProjectDependencies) = postProject
	EndProjectSection
EndProject
Project("{8BC9CEB8-8B4A-11D0-8D11-00A0C91BC942}") = "PiavcaCal3dApp", "src\PiavcaCal3dApp\PiavcaCal3dApp_2003.vcproj", "{D0D359C9-A81F-430D-AFBB-5CFA65688A24}"
	ProjectSection(ProjectDependencies) = postProject
	EndProjectSection
EndProject
Project("{8BC9CEB8-8B4A-11D0-8D11-00A0C91BC942}") = "PiavcaCal3DImp", "src\PiavcaCal3dImp\PiavcaCal3DImp_2003.vcproj", "{97813F74-80B5-4861-8CEE-99328B65173C}"
	ProjectSection(ProjectDependencies) = postProject
	EndProjectSection
EndProject
Project("{8BC9CEB8-8B4A-11D0-8D11-00A0C91BC942}") = "PiavcaPythonInterface", "src\PiavcaPythonInterface\PiavcaPythonInterface_2003.vcproj", "{9BE2E296-9B8C-4972-B627-06F7A635204C}"
	ProjectSection(ProjectDependencies) = postProject
	EndProjectSection
EndProject
Project("{8BC9CEB8-8B4A-11D0-8D11-00A0C91BC942}") = "SpeechToText", "src\SpeechToTextInterface\SpeechToTextInterface_2003.vcproj", "{19EC167E-A8EC-45F7-A201-6118D272963B}"
	ProjectSection(ProjectDependencies) = postProject
	EndProjectSection
EndProject
Project("{8BC9CEB8-8B4A-11D0-8D11-00A0C91BC942}") = "Standard Motion Implementation", "src\StdMotionImp\StdMotionImp_2003.vcproj", "{E2404604-543C-4863-BF9D-BE3E995DF4E4}"
	ProjectSection(ProjectDependencies) = postProject
	EndProjectSection
EndProject
Project("{8BC9CEB8-8B4A-11D0-8D11-00A0C91BC942}") = "XVR2Piavca", "src\XVR2Piavca\XVR2Piavca_2003.vcproj", "{009DF2D1-CCA3-466D-8D2E-DFECF5D50D76}"
	ProjectSection(ProjectDependencies) = postProject
	EndProjectSection
EndProject
Project("{8BC9CEB8-8B4A-11D0-8D11-00A0C91BC942}") = "Piavca_base", "Python\Piavca\Piavca_base\Piavca_base_2003.vcproj", "{78C01584-1FED-4339-AFD1-77FCED462E92}"
	ProjectSection(ProjectDependencies) = postProject
	EndProjectSection
EndProject
Project("{8BC9CEB8-8B4A-11D0-8D11-00A0C91BC942}") = "PiavcaGlut", "Python\Piavca\PiavcaGlut\PiavcaGlut_2003.vcproj", "{5FD4CBC2-A029-4660-BAF7-FC537E3B4754}"
	ProjectSection(ProjectDependencies) = postProject
	EndProjectSection
EndProject
Global
	GlobalSection(SolutionConfiguration) = preSolution
		C Only Debug = C Only Debug
		Debug = Debug
		Dive Debug = Dive Debug
		Release = Release
	EndGlobalSection
	GlobalSection(ProjectConfiguration) = postSolution
		{7E061BC4-F08C-40F0-8A91-8CAFD582054D}.C Only Debug.ActiveCfg = C Only Debug|Win32
		{7E061BC4-F08C-40F0-8A91-8CAFD582054D}.C Only Debug.Build.0 = C Only Debug|Win32
		{7E061BC4-F08C-40F0-8A91-8CAFD582054D}.Debug.ActiveCfg = Debug|Win32
		{7E061BC4-F08C-40F0-8A91-8CAFD582054D}.Debug.Build.0 = Debug|Win32
		{7E061BC4-F08C-40F0-8A91-8CAFD582054D}.Dive Debug.ActiveCfg = Dive Debug|Win32
		{7E061BC4-F08C-40F0-8A91-8CAFD582054D}.Dive Debug.Build.0 = Dive Debug|Win32
		{7E061BC4-F08C-40F0-8A91-8CAFD582054D}.Release.ActiveCfg = Release|Win32
		{7E061BC4-F08C-40F0-8A91-8CAFD582054D}.Release.Build.0 = Release|Win32
		{D0D359C9-A81F-430D-AFBB-5CFA65688A24}.C Only Debug.ActiveCfg = Debug|Win32
		{D0D359C9-A81F-430D-AFBB-5CFA65688A24}.C Only Debug.Build.0 = Debug|Win32
		{D0D359C9-A81F-430D-AFBB-5CFA65688A24}.Debug.ActiveCfg = Debug|Win32
		{D0D359C9-A81F-430D-AFBB-5CFA65688A24}.Debug.Build.0 = Debug|Win32
		{D0D359C9-A81F-430D-AFBB-5CFA65688A24}.Dive Debug.ActiveCfg = Debug|Win32
		{D0D359C9-A81F-430D-AFBB-5CFA65688A24}.Dive Debug.Build.0 = Debug|Win32
		{D0D359C9-A81F-430D-AFBB-5CFA65688A24}.Release.ActiveCfg = Release|Win32
		{D0D359C9-A81F-430D-AFBB-5CFA65688A24}.Release.Build.0 = Release|Win32
		{97813F74-80B5-4861-8CEE-99328B65173C}.C Only Debug.ActiveCfg = Debug|Win32
		{97813F74-80B5-4861-8CEE-99328B65173C}.C Only Debug.Build.0 = Debug|Win32
		{97813F74-80B5-4861-8CEE-99328B65173C}.Debug.ActiveCfg = Debug|Win32
		{97813F74-80B5-4861-8CEE-99328B65173C}.Debug.Build.0 = Debug|Win32
		{97813F74-80B5-4861-8CEE-99328B65173C}.Dive Debug.ActiveCfg = Debug|Win32
		{97813F74-80B5-4861-8CEE-99328B65173C}.Dive Debug.Build.0 = Debug|Win32
		{97813F74-80B5-4861-8CEE-99328B65173C}.Release.ActiveCfg = Release|Win32
		{97813F74-80B5-4861-8CEE-99328B65173C}.Release.Build.0 = Release|Win32
		{9BE2E296-9B8C-4972-B627-06F7A635204C}.C Only Debug.ActiveCfg = C Only Debug|Win32
		{9BE2E296-9B8C-4972-B627-06F7A635204C}.C Only Debug.Build.0 = C Only Debug|Win32
		{9BE2E296-9B8C-4972-B627-06F7A635204C}.Debug.ActiveCfg = Debug|Win32
		{9BE2E296-9B8C-4972-B627-06F7A635204C}.Debug.Build.0 = Debug|Win32
		{9BE2E296-9B8C-4972-B627-06F7A635204C}.Dive Debug.ActiveCfg = Dive Debug|Win32
		{9BE2E296-9B8C-4972-B627-06F7A635204C}.Dive Debug.Build.0 = Dive Debug|Win32
		{9BE2E296-9B8C-4972-B627-06F7A635204C}.Release.ActiveCfg = Release|Win32
		{9BE2E296-9B8C-4972-B627-06F7A635204C}.Release.Build.0 = Release|Win32
		{19EC167E-A8EC-45F7-A201-6118D272963B}.C Only Debug.ActiveCfg = Debug|Win32
		{19EC167E-A8EC-45F7-A201-6118D272963B}.C Only Debug.Build.0 = Debug|Win32
		{19EC167E-A8EC-45F7-A201-6118D272963B}.Debug.ActiveCfg = Debug|Win32
		{19EC167E-A8EC-45F7-A201-6118D272963B}.Debug.Build.0 = Debug|Win32
		{19EC167E-A8EC-45F7-A201-6118D272963B}.Dive Debug.ActiveCfg = Debug|Win32
		{19EC167E-A8EC-45F7-A201-6118D272963B}.Dive Debug.Build.0 = Debug|Win32
		{19EC167E-A8EC-45F7-A201-6118D272963B}.Release.ActiveCfg = Release|Win32
		{19EC167E-A8EC-45F7-A201-6118D272963B}.Release.Build.0 = Release|Win32
		{E2404604-543C-4863-BF9D-BE3E995DF4E4}.C Only Debug.ActiveCfg = C Only Debug|Win32
		{E2404604-543C-4863-BF9D-BE3E995DF4E4}.C Only Debug.Build.0 = C Only Debug|Win32
		{E2404604-543C-4863-BF9D-BE3E995DF4E4}.Debug.ActiveCfg = Debug|Win32
		{E2404604-543C-4863-BF9D-BE3E995DF4E4}.Debug.Build.0 = Debug|Win32
		{E2404604-543C-4863-BF9D-BE3E995DF4E4}.Dive Debug.ActiveCfg = Dive Debug|Win32
		{E2404604-543C-4863-BF9D-BE3E995DF4E4}.Dive Debug.Build.0 = Dive Debug|Win32
		{E2404604-543C-4863-BF9D-BE3E995DF4E4}.Release.ActiveCfg = Release|Win32
		{E2404604-543C-4863-BF9D-BE3E995DF4E4}.Release.Build.0 = Release|Win32
		{009DF2D1-CCA3-466D-8D2E-DFECF5D50D76}.C Only Debug.ActiveCfg = Debug|Win32
		{009DF2D1-CCA3-466D-8D2E-DFECF5D50D76}.C Only Debug.Build.0 = Debug|Win32
		{009DF2D1-CCA3-466D-8D2E-DFECF5D50D76}.Debug.ActiveCfg = Debug|Win32
		{009DF2D1-CCA3-466D-8D2E-DFECF5D50D76}.Debug.Build.0 = Debug|Win32
		{009DF2D1-CCA3-466D-8D2E-DFECF5D50D76}.Dive Debug.ActiveCfg = Debug|Win32
		{009DF2D1-CCA3-466D-8D2E-DFECF5D50D76}.Dive Debug.Build.0 = Debug|Win32
		{009DF2D1-CCA3-466D-8D2E-DFECF5D50D76}.Release.ActiveCfg = Release|Win32
		{009DF2D1-CCA3-466D-8D2E-DFECF5D50D76}.Release.Build.0 = Release|Win32
		{78C01584-1FED-4339-AFD1-77FCED462E92}.C Only Debug.ActiveCfg = C Only Debug|Win32
		{78C01584-1FED-4339-AFD1-77FCED462E92}.C Only Debug.Build.0 = C Only Debug|Win32
		{78C01584-1FED-4339-AFD1-77FCED462E92}.Debug.ActiveCfg = Debug|Win32
		{78C01584-1FED-4339-AFD1-77FCED462E92}.Debug.Build.0 = Debug|Win32
		{78C01584-1FED-4339-AFD1-77FCED462E92}.Dive Debug.ActiveCfg = Dive Debug|Win32
		{78C01584-1FED-4339-AFD1-77FCED462E92}.Dive Debug.Build.0 = Dive Debug|Win32
		{78C01584-1FED-4339-AFD1-77FCED462E92}.Release.ActiveCfg = Release|Win32
		{78C01584-1FED-4339-AFD1-77FCED462E92}.Release.Build.0 = Release|Win32
		{5FD4CBC2-A029-4660-BAF7-FC537E3B4754}.C Only Debug.ActiveCfg = C Only Debug|Win32
		{5FD4CBC2-A029-4660-BAF7-FC537E3B4754}.C Only Debug.Build.0 = C Only Debug|Win32
		{5FD4CBC2-A029-4660-BAF7-FC537E3B4754}.Debug.ActiveCfg = Debug|Win32
		{5FD4CBC2-A029-4660-BAF7-FC537E3B4754}.Debug.Build.0 = Debug|Win32
		{5FD4CBC2-A029-4660-BAF7-FC537E3B4754}.Dive Debug.ActiveCfg = Dive Debug|Win32
		{5FD4CBC2-A029-4660-BAF7-FC537E3B4754}.Dive Debug.Build.0 = Dive Debug|Win32
		{5FD4CBC2-A029-4660-BAF7-FC537E3B4754}.Release.ActiveCfg = Release|Win32
		{5FD4CBC2-A029-4660-BAF7-FC537E3B4754}.Release.Build.0 = Release|Win32
	EndGlobalSection
	GlobalSection(ExtensibilityGlobals) = postSolution
	EndGlobalSection
	GlobalSection(ExtensibilityAddIns) = postSolution
	EndGlobalSection
EndGlobal
