Microsoft Visual Studio Solution File, Format Version 9.00
# Visual Studio 2005
Project("{8BC9CEB8-8B4A-11D0-8D11-00A0C91BC942}") = "PiavcaCal3DImp", "src\PiavcaCal3dImp\PiavcaCal3DImp_vc2005.vcproj", "{97813F74-80B5-4861-8CEE-99328B65173C}"
EndProject
Project("{8BC9CEB8-8B4A-11D0-8D11-00A0C91BC942}") = "PiavcaPythonInterface", "src\PiavcaPythonInterface\PiavcaPythonInterface_vc2005.vcproj", "{9BE2E296-9B8C-4972-B627-06F7A635204C}"
EndProject
Project("{8BC9CEB8-8B4A-11D0-8D11-00A0C91BC942}") = "Standard Motion Implementation", "src\StdMotionImp\StdMotionImp_vc2005.vcproj", "{E2404604-543C-4863-BF9D-BE3E995DF4E4}"
EndProject
Project("{8BC9CEB8-8B4A-11D0-8D11-00A0C91BC942}") = "XVR2Piavca", "src\XVR2Piavca\XVR2Piavca_vc2005.vcproj", "{009DF2D1-CCA3-466D-8D2E-DFECF5D50D76}"
	ProjectSection(ProjectDependencies) = postProject
		{7E061BC4-F08C-40F0-8A91-8CAFD582054D} = {7E061BC4-F08C-40F0-8A91-8CAFD582054D}
	EndProjectSection
EndProject
Project("{54435603-DBB4-11D2-8724-00A0C9A8B90C}") = "PiavcaWindowsSetup", "src\PiavcaWindowsSetup\PiavcaWindowsSetup.vdproj", "{DC072FB2-0467-45EE-B52D-6A31332FF630}"
EndProject
Project("{8BC9CEB8-8B4A-11D0-8D11-00A0C91BC942}") = "PiavcaAPI", "src\PiavcaAPI\PiavcaAPI_vc2005.vcproj", "{7E061BC4-F08C-40F0-8A91-8CAFD582054D}"
EndProject
Project("{8BC9CEB8-8B4A-11D0-8D11-00A0C91BC942}") = "PiavcaCal3dApp", "src\PiavcaCal3dApp\PiavcaCal3dApp_vc2005.vcproj", "{D0D359C9-A81F-430D-AFBB-5CFA65688A24}"
EndProject
Project("{8BC9CEB8-8B4A-11D0-8D11-00A0C91BC942}") = "Piavca_base", "Python\Piavca\Piavca_base\Piavca_base.vcproj", "{CB1D5D51-F927-4C9A-B704-CAF34FDAA506}"
	ProjectSection(ProjectDependencies) = postProject
		{7E061BC4-F08C-40F0-8A91-8CAFD582054D} = {7E061BC4-F08C-40F0-8A91-8CAFD582054D}
		{97813F74-80B5-4861-8CEE-99328B65173C} = {97813F74-80B5-4861-8CEE-99328B65173C}
		{E2404604-543C-4863-BF9D-BE3E995DF4E4} = {E2404604-543C-4863-BF9D-BE3E995DF4E4}
	EndProjectSection
EndProject
Project("{8BC9CEB8-8B4A-11D0-8D11-00A0C91BC942}") = "PiavcaGlut", "Python\Piavca\PiavcaGlut\PiavcaGlut.vcproj", "{7F966FC6-2A00-4955-A173-CEF366A2496D}"
	ProjectSection(ProjectDependencies) = postProject
		{CB1D5D51-F927-4C9A-B704-CAF34FDAA506} = {CB1D5D51-F927-4C9A-B704-CAF34FDAA506}
	EndProjectSection
EndProject
Project("{8BC9CEB8-8B4A-11D0-8D11-00A0C91BC942}") = "SpeechToTextInterface", "Python\Piavca\SpeechToTextInterface\SpeechToTextInterface_vc2005.vcproj", "{8CC8040D-8DB6-41A7-BA0A-E4331E4D5B2F}"
EndProject
Project("{54435603-DBB4-11D2-8724-00A0C9A8B90C}") = "PiavcaWindowsSetup_Py25", "src\PiavcaWindowsSetup_Py25\PiavcaWindowsSetup_Py25.vdproj", "{07FB6081-0BBB-42A6-8C88-8C1FB430052F}"
EndProject
Project("{8BC9CEB8-8B4A-11D0-8D11-00A0C91BC942}") = "PiavcaOpenSGImp", "src\PiavcaOpenSGImp\PiavcaOpenSGImp.vcproj", "{AE8A4754-D646-4383-9931-AEEFB90C114D}"
	ProjectSection(ProjectDependencies) = postProject
		{97813F74-80B5-4861-8CEE-99328B65173C} = {97813F74-80B5-4861-8CEE-99328B65173C}
	EndProjectSection
EndProject
Global
	GlobalSection(SolutionConfigurationPlatforms) = preSolution
		C Only Debug|Win32 = C Only Debug|Win32
		Debug_Py24|Win32 = Debug_Py24|Win32
		Debug_Py25|Win32 = Debug_Py25|Win32
		Debug_Py26|Win32 = Debug_Py26|Win32
		Debug|Win32 = Debug|Win32
		Dive Debug|Win32 = Dive Debug|Win32
		Release_Py24|Win32 = Release_Py24|Win32
		Release_Py25|Win32 = Release_Py25|Win32
		Release_Py26|Win32 = Release_Py26|Win32
		Release|Win32 = Release|Win32
	EndGlobalSection
	GlobalSection(ProjectConfigurationPlatforms) = postSolution
		{97813F74-80B5-4861-8CEE-99328B65173C}.C Only Debug|Win32.ActiveCfg = Debug|Win32
		{97813F74-80B5-4861-8CEE-99328B65173C}.C Only Debug|Win32.Build.0 = Debug|Win32
		{97813F74-80B5-4861-8CEE-99328B65173C}.Debug_Py24|Win32.ActiveCfg = Debug_Py24|Win32
		{97813F74-80B5-4861-8CEE-99328B65173C}.Debug_Py24|Win32.Build.0 = Debug_Py24|Win32
		{97813F74-80B5-4861-8CEE-99328B65173C}.Debug_Py25|Win32.ActiveCfg = Debug_Py25|Win32
		{97813F74-80B5-4861-8CEE-99328B65173C}.Debug_Py25|Win32.Build.0 = Debug_Py25|Win32
		{97813F74-80B5-4861-8CEE-99328B65173C}.Debug_Py26|Win32.ActiveCfg = Debug_Py26|Win32
		{97813F74-80B5-4861-8CEE-99328B65173C}.Debug_Py26|Win32.Build.0 = Debug_Py26|Win32
		{97813F74-80B5-4861-8CEE-99328B65173C}.Debug|Win32.ActiveCfg = Debug|Win32
		{97813F74-80B5-4861-8CEE-99328B65173C}.Debug|Win32.Build.0 = Debug|Win32
		{97813F74-80B5-4861-8CEE-99328B65173C}.Dive Debug|Win32.ActiveCfg = Debug|Win32
		{97813F74-80B5-4861-8CEE-99328B65173C}.Dive Debug|Win32.Build.0 = Debug|Win32
		{97813F74-80B5-4861-8CEE-99328B65173C}.Release_Py24|Win32.ActiveCfg = Release_Py24|Win32
		{97813F74-80B5-4861-8CEE-99328B65173C}.Release_Py24|Win32.Build.0 = Release_Py24|Win32
		{97813F74-80B5-4861-8CEE-99328B65173C}.Release_Py25|Win32.ActiveCfg = Release_Py25|Win32
		{97813F74-80B5-4861-8CEE-99328B65173C}.Release_Py25|Win32.Build.0 = Release_Py25|Win32
		{97813F74-80B5-4861-8CEE-99328B65173C}.Release_Py26|Win32.ActiveCfg = Release_Py26|Win32
		{97813F74-80B5-4861-8CEE-99328B65173C}.Release_Py26|Win32.Build.0 = Release_Py26|Win32
		{97813F74-80B5-4861-8CEE-99328B65173C}.Release|Win32.ActiveCfg = Release|Win32
		{97813F74-80B5-4861-8CEE-99328B65173C}.Release|Win32.Build.0 = Release|Win32
		{9BE2E296-9B8C-4972-B627-06F7A635204C}.C Only Debug|Win32.ActiveCfg = C Only Debug|Win32
		{9BE2E296-9B8C-4972-B627-06F7A635204C}.C Only Debug|Win32.Build.0 = C Only Debug|Win32
		{9BE2E296-9B8C-4972-B627-06F7A635204C}.Debug_Py24|Win32.ActiveCfg = Debug_Py24|Win32
		{9BE2E296-9B8C-4972-B627-06F7A635204C}.Debug_Py24|Win32.Build.0 = Debug_Py24|Win32
		{9BE2E296-9B8C-4972-B627-06F7A635204C}.Debug_Py25|Win32.ActiveCfg = Debug_Py25|Win32
		{9BE2E296-9B8C-4972-B627-06F7A635204C}.Debug_Py25|Win32.Build.0 = Debug_Py25|Win32
		{9BE2E296-9B8C-4972-B627-06F7A635204C}.Debug_Py26|Win32.ActiveCfg = Debug_Py26|Win32
		{9BE2E296-9B8C-4972-B627-06F7A635204C}.Debug_Py26|Win32.Build.0 = Debug_Py26|Win32
		{9BE2E296-9B8C-4972-B627-06F7A635204C}.Debug|Win32.ActiveCfg = Debug|Win32
		{9BE2E296-9B8C-4972-B627-06F7A635204C}.Debug|Win32.Build.0 = Debug|Win32
		{9BE2E296-9B8C-4972-B627-06F7A635204C}.Dive Debug|Win32.ActiveCfg = Dive Debug|Win32
		{9BE2E296-9B8C-4972-B627-06F7A635204C}.Dive Debug|Win32.Build.0 = Dive Debug|Win32
		{9BE2E296-9B8C-4972-B627-06F7A635204C}.Release_Py24|Win32.ActiveCfg = Release_Py24|Win32
		{9BE2E296-9B8C-4972-B627-06F7A635204C}.Release_Py24|Win32.Build.0 = Release_Py24|Win32
		{9BE2E296-9B8C-4972-B627-06F7A635204C}.Release_Py25|Win32.ActiveCfg = Release_Py25|Win32
		{9BE2E296-9B8C-4972-B627-06F7A635204C}.Release_Py25|Win32.Build.0 = Release_Py25|Win32
		{9BE2E296-9B8C-4972-B627-06F7A635204C}.Release_Py26|Win32.ActiveCfg = Release_Py26|Win32
		{9BE2E296-9B8C-4972-B627-06F7A635204C}.Release_Py26|Win32.Build.0 = Release_Py26|Win32
		{9BE2E296-9B8C-4972-B627-06F7A635204C}.Release|Win32.ActiveCfg = Release|Win32
		{9BE2E296-9B8C-4972-B627-06F7A635204C}.Release|Win32.Build.0 = Release|Win32
		{E2404604-543C-4863-BF9D-BE3E995DF4E4}.C Only Debug|Win32.ActiveCfg = C Only Debug|Win32
		{E2404604-543C-4863-BF9D-BE3E995DF4E4}.C Only Debug|Win32.Build.0 = C Only Debug|Win32
		{E2404604-543C-4863-BF9D-BE3E995DF4E4}.Debug_Py24|Win32.ActiveCfg = Debug_Py24|Win32
		{E2404604-543C-4863-BF9D-BE3E995DF4E4}.Debug_Py24|Win32.Build.0 = Debug_Py24|Win32
		{E2404604-543C-4863-BF9D-BE3E995DF4E4}.Debug_Py25|Win32.ActiveCfg = Debug_Py25|Win32
		{E2404604-543C-4863-BF9D-BE3E995DF4E4}.Debug_Py25|Win32.Build.0 = Debug_Py25|Win32
		{E2404604-543C-4863-BF9D-BE3E995DF4E4}.Debug_Py26|Win32.ActiveCfg = Debug_Py26|Win32
		{E2404604-543C-4863-BF9D-BE3E995DF4E4}.Debug_Py26|Win32.Build.0 = Debug_Py26|Win32
		{E2404604-543C-4863-BF9D-BE3E995DF4E4}.Debug|Win32.ActiveCfg = Debug|Win32
		{E2404604-543C-4863-BF9D-BE3E995DF4E4}.Debug|Win32.Build.0 = Debug|Win32
		{E2404604-543C-4863-BF9D-BE3E995DF4E4}.Dive Debug|Win32.ActiveCfg = Dive Debug|Win32
		{E2404604-543C-4863-BF9D-BE3E995DF4E4}.Dive Debug|Win32.Build.0 = Dive Debug|Win32
		{E2404604-543C-4863-BF9D-BE3E995DF4E4}.Release_Py24|Win32.ActiveCfg = Release_Py24|Win32
		{E2404604-543C-4863-BF9D-BE3E995DF4E4}.Release_Py24|Win32.Build.0 = Release_Py24|Win32
		{E2404604-543C-4863-BF9D-BE3E995DF4E4}.Release_Py25|Win32.ActiveCfg = Release_Py25|Win32
		{E2404604-543C-4863-BF9D-BE3E995DF4E4}.Release_Py25|Win32.Build.0 = Release_Py25|Win32
		{E2404604-543C-4863-BF9D-BE3E995DF4E4}.Release_Py26|Win32.ActiveCfg = Release_Py26|Win32
		{E2404604-543C-4863-BF9D-BE3E995DF4E4}.Release_Py26|Win32.Build.0 = Release_Py26|Win32
		{E2404604-543C-4863-BF9D-BE3E995DF4E4}.Release|Win32.ActiveCfg = Release|Win32
		{E2404604-543C-4863-BF9D-BE3E995DF4E4}.Release|Win32.Build.0 = Release|Win32
		{009DF2D1-CCA3-466D-8D2E-DFECF5D50D76}.C Only Debug|Win32.ActiveCfg = Debug|Win32
		{009DF2D1-CCA3-466D-8D2E-DFECF5D50D76}.C Only Debug|Win32.Build.0 = Debug|Win32
		{009DF2D1-CCA3-466D-8D2E-DFECF5D50D76}.Debug_Py24|Win32.ActiveCfg = Debug_Py24|Win32
		{009DF2D1-CCA3-466D-8D2E-DFECF5D50D76}.Debug_Py24|Win32.Build.0 = Debug_Py24|Win32
		{009DF2D1-CCA3-466D-8D2E-DFECF5D50D76}.Debug_Py25|Win32.ActiveCfg = Debug_Py25|Win32
		{009DF2D1-CCA3-466D-8D2E-DFECF5D50D76}.Debug_Py25|Win32.Build.0 = Debug_Py25|Win32
		{009DF2D1-CCA3-466D-8D2E-DFECF5D50D76}.Debug_Py26|Win32.ActiveCfg = Debug_Py26|Win32
		{009DF2D1-CCA3-466D-8D2E-DFECF5D50D76}.Debug_Py26|Win32.Build.0 = Debug_Py26|Win32
		{009DF2D1-CCA3-466D-8D2E-DFECF5D50D76}.Debug|Win32.ActiveCfg = Debug|Win32
		{009DF2D1-CCA3-466D-8D2E-DFECF5D50D76}.Debug|Win32.Build.0 = Debug|Win32
		{009DF2D1-CCA3-466D-8D2E-DFECF5D50D76}.Dive Debug|Win32.ActiveCfg = Debug|Win32
		{009DF2D1-CCA3-466D-8D2E-DFECF5D50D76}.Dive Debug|Win32.Build.0 = Debug|Win32
		{009DF2D1-CCA3-466D-8D2E-DFECF5D50D76}.Release_Py24|Win32.ActiveCfg = Release_Py24|Win32
		{009DF2D1-CCA3-466D-8D2E-DFECF5D50D76}.Release_Py24|Win32.Build.0 = Release_Py24|Win32
		{009DF2D1-CCA3-466D-8D2E-DFECF5D50D76}.Release_Py25|Win32.ActiveCfg = Release_Py25|Win32
		{009DF2D1-CCA3-466D-8D2E-DFECF5D50D76}.Release_Py25|Win32.Build.0 = Release_Py25|Win32
		{009DF2D1-CCA3-466D-8D2E-DFECF5D50D76}.Release_Py26|Win32.ActiveCfg = Release_Py26|Win32
		{009DF2D1-CCA3-466D-8D2E-DFECF5D50D76}.Release_Py26|Win32.Build.0 = Release_Py26|Win32
		{009DF2D1-CCA3-466D-8D2E-DFECF5D50D76}.Release|Win32.ActiveCfg = Release|Win32
		{009DF2D1-CCA3-466D-8D2E-DFECF5D50D76}.Release|Win32.Build.0 = Release|Win32
		{DC072FB2-0467-45EE-B52D-6A31332FF630}.C Only Debug|Win32.ActiveCfg = Debug
		{DC072FB2-0467-45EE-B52D-6A31332FF630}.Debug_Py24|Win32.ActiveCfg = Debug_Py24
		{DC072FB2-0467-45EE-B52D-6A31332FF630}.Debug_Py25|Win32.ActiveCfg = Debug_Py25
		{DC072FB2-0467-45EE-B52D-6A31332FF630}.Debug_Py26|Win32.ActiveCfg = Debug_Py26
		{DC072FB2-0467-45EE-B52D-6A31332FF630}.Debug|Win32.ActiveCfg = Debug
		{DC072FB2-0467-45EE-B52D-6A31332FF630}.Dive Debug|Win32.ActiveCfg = Debug
		{DC072FB2-0467-45EE-B52D-6A31332FF630}.Release_Py24|Win32.ActiveCfg = Release_Py24
		{DC072FB2-0467-45EE-B52D-6A31332FF630}.Release_Py25|Win32.ActiveCfg = Release_Py25
		{DC072FB2-0467-45EE-B52D-6A31332FF630}.Release_Py26|Win32.ActiveCfg = Release_Py26
		{DC072FB2-0467-45EE-B52D-6A31332FF630}.Release|Win32.ActiveCfg = Release
		{7E061BC4-F08C-40F0-8A91-8CAFD582054D}.C Only Debug|Win32.ActiveCfg = C Only Debug|Win32
		{7E061BC4-F08C-40F0-8A91-8CAFD582054D}.C Only Debug|Win32.Build.0 = C Only Debug|Win32
		{7E061BC4-F08C-40F0-8A91-8CAFD582054D}.Debug_Py24|Win32.ActiveCfg = Debug_Py24|Win32
		{7E061BC4-F08C-40F0-8A91-8CAFD582054D}.Debug_Py24|Win32.Build.0 = Debug_Py24|Win32
		{7E061BC4-F08C-40F0-8A91-8CAFD582054D}.Debug_Py25|Win32.ActiveCfg = Debug_Py25|Win32
		{7E061BC4-F08C-40F0-8A91-8CAFD582054D}.Debug_Py25|Win32.Build.0 = Debug_Py25|Win32
		{7E061BC4-F08C-40F0-8A91-8CAFD582054D}.Debug_Py26|Win32.ActiveCfg = Debug_Py26|Win32
		{7E061BC4-F08C-40F0-8A91-8CAFD582054D}.Debug_Py26|Win32.Build.0 = Debug_Py26|Win32
		{7E061BC4-F08C-40F0-8A91-8CAFD582054D}.Debug|Win32.ActiveCfg = Debug|Win32
		{7E061BC4-F08C-40F0-8A91-8CAFD582054D}.Debug|Win32.Build.0 = Debug|Win32
		{7E061BC4-F08C-40F0-8A91-8CAFD582054D}.Dive Debug|Win32.ActiveCfg = Dive Debug|Win32
		{7E061BC4-F08C-40F0-8A91-8CAFD582054D}.Dive Debug|Win32.Build.0 = Dive Debug|Win32
		{7E061BC4-F08C-40F0-8A91-8CAFD582054D}.Release_Py24|Win32.ActiveCfg = Release_Py24|Win32
		{7E061BC4-F08C-40F0-8A91-8CAFD582054D}.Release_Py24|Win32.Build.0 = Release_Py24|Win32
		{7E061BC4-F08C-40F0-8A91-8CAFD582054D}.Release_Py25|Win32.ActiveCfg = Release_Py25|Win32
		{7E061BC4-F08C-40F0-8A91-8CAFD582054D}.Release_Py25|Win32.Build.0 = Release_Py25|Win32
		{7E061BC4-F08C-40F0-8A91-8CAFD582054D}.Release_Py26|Win32.ActiveCfg = Release_Py26|Win32
		{7E061BC4-F08C-40F0-8A91-8CAFD582054D}.Release_Py26|Win32.Build.0 = Release_Py26|Win32
		{7E061BC4-F08C-40F0-8A91-8CAFD582054D}.Release|Win32.ActiveCfg = Release|Win32
		{7E061BC4-F08C-40F0-8A91-8CAFD582054D}.Release|Win32.Build.0 = Release|Win32
		{D0D359C9-A81F-430D-AFBB-5CFA65688A24}.C Only Debug|Win32.ActiveCfg = Debug|Win32
		{D0D359C9-A81F-430D-AFBB-5CFA65688A24}.C Only Debug|Win32.Build.0 = Debug|Win32
		{D0D359C9-A81F-430D-AFBB-5CFA65688A24}.Debug_Py24|Win32.ActiveCfg = Debug_Py24|Win32
		{D0D359C9-A81F-430D-AFBB-5CFA65688A24}.Debug_Py24|Win32.Build.0 = Debug_Py24|Win32
		{D0D359C9-A81F-430D-AFBB-5CFA65688A24}.Debug_Py25|Win32.ActiveCfg = Debug_Py25|Win32
		{D0D359C9-A81F-430D-AFBB-5CFA65688A24}.Debug_Py25|Win32.Build.0 = Debug_Py25|Win32
		{D0D359C9-A81F-430D-AFBB-5CFA65688A24}.Debug_Py26|Win32.ActiveCfg = Debug_Py26|Win32
		{D0D359C9-A81F-430D-AFBB-5CFA65688A24}.Debug_Py26|Win32.Build.0 = Debug_Py26|Win32
		{D0D359C9-A81F-430D-AFBB-5CFA65688A24}.Debug|Win32.ActiveCfg = Debug|Win32
		{D0D359C9-A81F-430D-AFBB-5CFA65688A24}.Debug|Win32.Build.0 = Debug|Win32
		{D0D359C9-A81F-430D-AFBB-5CFA65688A24}.Dive Debug|Win32.ActiveCfg = Debug|Win32
		{D0D359C9-A81F-430D-AFBB-5CFA65688A24}.Dive Debug|Win32.Build.0 = Debug|Win32
		{D0D359C9-A81F-430D-AFBB-5CFA65688A24}.Release_Py24|Win32.ActiveCfg = Release_Py24|Win32
		{D0D359C9-A81F-430D-AFBB-5CFA65688A24}.Release_Py24|Win32.Build.0 = Release_Py24|Win32
		{D0D359C9-A81F-430D-AFBB-5CFA65688A24}.Release_Py25|Win32.ActiveCfg = Release_Py25|Win32
		{D0D359C9-A81F-430D-AFBB-5CFA65688A24}.Release_Py25|Win32.Build.0 = Release_Py25|Win32
		{D0D359C9-A81F-430D-AFBB-5CFA65688A24}.Release_Py26|Win32.ActiveCfg = Release_Py26|Win32
		{D0D359C9-A81F-430D-AFBB-5CFA65688A24}.Release_Py26|Win32.Build.0 = Release_Py26|Win32
		{D0D359C9-A81F-430D-AFBB-5CFA65688A24}.Release|Win32.ActiveCfg = Release|Win32
		{D0D359C9-A81F-430D-AFBB-5CFA65688A24}.Release|Win32.Build.0 = Release|Win32
		{CB1D5D51-F927-4C9A-B704-CAF34FDAA506}.C Only Debug|Win32.ActiveCfg = Debug|Win32
		{CB1D5D51-F927-4C9A-B704-CAF34FDAA506}.C Only Debug|Win32.Build.0 = Debug|Win32
		{CB1D5D51-F927-4C9A-B704-CAF34FDAA506}.Debug_Py24|Win32.ActiveCfg = Debug_Py24|Win32
		{CB1D5D51-F927-4C9A-B704-CAF34FDAA506}.Debug_Py24|Win32.Build.0 = Debug_Py24|Win32
		{CB1D5D51-F927-4C9A-B704-CAF34FDAA506}.Debug_Py25|Win32.ActiveCfg = Debug_Py25|Win32
		{CB1D5D51-F927-4C9A-B704-CAF34FDAA506}.Debug_Py25|Win32.Build.0 = Debug_Py25|Win32
		{CB1D5D51-F927-4C9A-B704-CAF34FDAA506}.Debug_Py26|Win32.ActiveCfg = Debug_Py26|Win32
		{CB1D5D51-F927-4C9A-B704-CAF34FDAA506}.Debug_Py26|Win32.Build.0 = Debug_Py26|Win32
		{CB1D5D51-F927-4C9A-B704-CAF34FDAA506}.Debug|Win32.ActiveCfg = Debug|Win32
		{CB1D5D51-F927-4C9A-B704-CAF34FDAA506}.Debug|Win32.Build.0 = Debug|Win32
		{CB1D5D51-F927-4C9A-B704-CAF34FDAA506}.Dive Debug|Win32.ActiveCfg = Debug|Win32
		{CB1D5D51-F927-4C9A-B704-CAF34FDAA506}.Dive Debug|Win32.Build.0 = Debug|Win32
		{CB1D5D51-F927-4C9A-B704-CAF34FDAA506}.Release_Py24|Win32.ActiveCfg = Release_Py24|Win32
		{CB1D5D51-F927-4C9A-B704-CAF34FDAA506}.Release_Py24|Win32.Build.0 = Release_Py24|Win32
		{CB1D5D51-F927-4C9A-B704-CAF34FDAA506}.Release_Py25|Win32.ActiveCfg = Release_Py25|Win32
		{CB1D5D51-F927-4C9A-B704-CAF34FDAA506}.Release_Py25|Win32.Build.0 = Release_Py25|Win32
		{CB1D5D51-F927-4C9A-B704-CAF34FDAA506}.Release_Py26|Win32.ActiveCfg = Release_Py26|Win32
		{CB1D5D51-F927-4C9A-B704-CAF34FDAA506}.Release_Py26|Win32.Build.0 = Release_Py26|Win32
		{CB1D5D51-F927-4C9A-B704-CAF34FDAA506}.Release|Win32.ActiveCfg = Release|Win32
		{CB1D5D51-F927-4C9A-B704-CAF34FDAA506}.Release|Win32.Build.0 = Release|Win32
		{7F966FC6-2A00-4955-A173-CEF366A2496D}.C Only Debug|Win32.ActiveCfg = Debug|Win32
		{7F966FC6-2A00-4955-A173-CEF366A2496D}.C Only Debug|Win32.Build.0 = Debug|Win32
		{7F966FC6-2A00-4955-A173-CEF366A2496D}.Debug_Py24|Win32.ActiveCfg = Debug_Py24|Win32
		{7F966FC6-2A00-4955-A173-CEF366A2496D}.Debug_Py24|Win32.Build.0 = Debug_Py24|Win32
		{7F966FC6-2A00-4955-A173-CEF366A2496D}.Debug_Py25|Win32.ActiveCfg = Debug_Py25|Win32
		{7F966FC6-2A00-4955-A173-CEF366A2496D}.Debug_Py25|Win32.Build.0 = Debug_Py25|Win32
		{7F966FC6-2A00-4955-A173-CEF366A2496D}.Debug_Py26|Win32.ActiveCfg = Debug_Py26|Win32
		{7F966FC6-2A00-4955-A173-CEF366A2496D}.Debug_Py26|Win32.Build.0 = Debug_Py26|Win32
		{7F966FC6-2A00-4955-A173-CEF366A2496D}.Debug|Win32.ActiveCfg = Debug|Win32
		{7F966FC6-2A00-4955-A173-CEF366A2496D}.Debug|Win32.Build.0 = Debug|Win32
		{7F966FC6-2A00-4955-A173-CEF366A2496D}.Dive Debug|Win32.ActiveCfg = Debug|Win32
		{7F966FC6-2A00-4955-A173-CEF366A2496D}.Dive Debug|Win32.Build.0 = Debug|Win32
		{7F966FC6-2A00-4955-A173-CEF366A2496D}.Release_Py24|Win32.ActiveCfg = Release_Py24|Win32
		{7F966FC6-2A00-4955-A173-CEF366A2496D}.Release_Py24|Win32.Build.0 = Release_Py24|Win32
		{7F966FC6-2A00-4955-A173-CEF366A2496D}.Release_Py25|Win32.ActiveCfg = Release_Py25|Win32
		{7F966FC6-2A00-4955-A173-CEF366A2496D}.Release_Py25|Win32.Build.0 = Release_Py25|Win32
		{7F966FC6-2A00-4955-A173-CEF366A2496D}.Release_Py26|Win32.ActiveCfg = Release_Py26|Win32
		{7F966FC6-2A00-4955-A173-CEF366A2496D}.Release_Py26|Win32.Build.0 = Release_Py26|Win32
		{7F966FC6-2A00-4955-A173-CEF366A2496D}.Release|Win32.ActiveCfg = Release|Win32
		{7F966FC6-2A00-4955-A173-CEF366A2496D}.Release|Win32.Build.0 = Release|Win32
		{8CC8040D-8DB6-41A7-BA0A-E4331E4D5B2F}.C Only Debug|Win32.ActiveCfg = Debug|Win32
		{8CC8040D-8DB6-41A7-BA0A-E4331E4D5B2F}.C Only Debug|Win32.Build.0 = Debug|Win32
		{8CC8040D-8DB6-41A7-BA0A-E4331E4D5B2F}.Debug_Py24|Win32.ActiveCfg = Debug_Py24|Win32
		{8CC8040D-8DB6-41A7-BA0A-E4331E4D5B2F}.Debug_Py24|Win32.Build.0 = Debug_Py24|Win32
		{8CC8040D-8DB6-41A7-BA0A-E4331E4D5B2F}.Debug_Py25|Win32.ActiveCfg = Debug_Py25|Win32
		{8CC8040D-8DB6-41A7-BA0A-E4331E4D5B2F}.Debug_Py25|Win32.Build.0 = Debug_Py25|Win32
		{8CC8040D-8DB6-41A7-BA0A-E4331E4D5B2F}.Debug_Py26|Win32.ActiveCfg = Debug_Py26|Win32
		{8CC8040D-8DB6-41A7-BA0A-E4331E4D5B2F}.Debug_Py26|Win32.Build.0 = Debug_Py26|Win32
		{8CC8040D-8DB6-41A7-BA0A-E4331E4D5B2F}.Debug|Win32.ActiveCfg = Debug|Win32
		{8CC8040D-8DB6-41A7-BA0A-E4331E4D5B2F}.Debug|Win32.Build.0 = Debug|Win32
		{8CC8040D-8DB6-41A7-BA0A-E4331E4D5B2F}.Dive Debug|Win32.ActiveCfg = Debug|Win32
		{8CC8040D-8DB6-41A7-BA0A-E4331E4D5B2F}.Dive Debug|Win32.Build.0 = Debug|Win32
		{8CC8040D-8DB6-41A7-BA0A-E4331E4D5B2F}.Release_Py24|Win32.ActiveCfg = Release_Py24|Win32
		{8CC8040D-8DB6-41A7-BA0A-E4331E4D5B2F}.Release_Py24|Win32.Build.0 = Release_Py24|Win32
		{8CC8040D-8DB6-41A7-BA0A-E4331E4D5B2F}.Release_Py25|Win32.ActiveCfg = Release_Py25|Win32
		{8CC8040D-8DB6-41A7-BA0A-E4331E4D5B2F}.Release_Py25|Win32.Build.0 = Release_Py25|Win32
		{8CC8040D-8DB6-41A7-BA0A-E4331E4D5B2F}.Release_Py26|Win32.ActiveCfg = Release_Py26|Win32
		{8CC8040D-8DB6-41A7-BA0A-E4331E4D5B2F}.Release_Py26|Win32.Build.0 = Release_Py26|Win32
		{8CC8040D-8DB6-41A7-BA0A-E4331E4D5B2F}.Release|Win32.ActiveCfg = Release|Win32
		{8CC8040D-8DB6-41A7-BA0A-E4331E4D5B2F}.Release|Win32.Build.0 = Release|Win32
		{07FB6081-0BBB-42A6-8C88-8C1FB430052F}.C Only Debug|Win32.ActiveCfg = Debug
		{07FB6081-0BBB-42A6-8C88-8C1FB430052F}.Debug_Py24|Win32.ActiveCfg = Debug
		{07FB6081-0BBB-42A6-8C88-8C1FB430052F}.Debug_Py25|Win32.ActiveCfg = Debug_Py25
		{07FB6081-0BBB-42A6-8C88-8C1FB430052F}.Debug_Py26|Win32.ActiveCfg = Debug_Py26
		{07FB6081-0BBB-42A6-8C88-8C1FB430052F}.Debug|Win32.ActiveCfg = Debug
		{07FB6081-0BBB-42A6-8C88-8C1FB430052F}.Dive Debug|Win32.ActiveCfg = Debug
		{07FB6081-0BBB-42A6-8C88-8C1FB430052F}.Release_Py24|Win32.ActiveCfg = Release
		{07FB6081-0BBB-42A6-8C88-8C1FB430052F}.Release_Py25|Win32.ActiveCfg = Release
		{07FB6081-0BBB-42A6-8C88-8C1FB430052F}.Release_Py26|Win32.ActiveCfg = Release_Py26
		{07FB6081-0BBB-42A6-8C88-8C1FB430052F}.Release|Win32.ActiveCfg = Release
		{AE8A4754-D646-4383-9931-AEEFB90C114D}.C Only Debug|Win32.ActiveCfg = Debug|Win32
		{AE8A4754-D646-4383-9931-AEEFB90C114D}.C Only Debug|Win32.Build.0 = Debug|Win32
		{AE8A4754-D646-4383-9931-AEEFB90C114D}.Debug_Py24|Win32.ActiveCfg = Debug|Win32
		{AE8A4754-D646-4383-9931-AEEFB90C114D}.Debug_Py24|Win32.Build.0 = Debug|Win32
		{AE8A4754-D646-4383-9931-AEEFB90C114D}.Debug_Py25|Win32.ActiveCfg = Debug|Win32
		{AE8A4754-D646-4383-9931-AEEFB90C114D}.Debug_Py25|Win32.Build.0 = Debug|Win32
		{AE8A4754-D646-4383-9931-AEEFB90C114D}.Debug_Py26|Win32.ActiveCfg = Debug_Py26|Win32
		{AE8A4754-D646-4383-9931-AEEFB90C114D}.Debug_Py26|Win32.Build.0 = Debug_Py26|Win32
		{AE8A4754-D646-4383-9931-AEEFB90C114D}.Debug|Win32.ActiveCfg = Debug|Win32
		{AE8A4754-D646-4383-9931-AEEFB90C114D}.Debug|Win32.Build.0 = Debug|Win32
		{AE8A4754-D646-4383-9931-AEEFB90C114D}.Dive Debug|Win32.ActiveCfg = Debug|Win32
		{AE8A4754-D646-4383-9931-AEEFB90C114D}.Dive Debug|Win32.Build.0 = Debug|Win32
		{AE8A4754-D646-4383-9931-AEEFB90C114D}.Release_Py24|Win32.ActiveCfg = Release|Win32
		{AE8A4754-D646-4383-9931-AEEFB90C114D}.Release_Py24|Win32.Build.0 = Release|Win32
		{AE8A4754-D646-4383-9931-AEEFB90C114D}.Release_Py25|Win32.ActiveCfg = Release|Win32
		{AE8A4754-D646-4383-9931-AEEFB90C114D}.Release_Py25|Win32.Build.0 = Release|Win32
		{AE8A4754-D646-4383-9931-AEEFB90C114D}.Release_Py26|Win32.ActiveCfg = Release_Py26|Win32
		{AE8A4754-D646-4383-9931-AEEFB90C114D}.Release_Py26|Win32.Build.0 = Release_Py26|Win32
		{AE8A4754-D646-4383-9931-AEEFB90C114D}.Release|Win32.ActiveCfg = Release|Win32
		{AE8A4754-D646-4383-9931-AEEFB90C114D}.Release|Win32.Build.0 = Release|Win32
	EndGlobalSection
	GlobalSection(SolutionProperties) = preSolution
		HideSolutionNode = FALSE
	EndGlobalSection
EndGlobal
